// !$*UTF8*$!
{
	archiveVersion = 1;
	classes = {
	};
	objectVersion = 77;
	objects = {

/* Begin PBXContainerItemProxy section */
		71BDD2BF2D0C92920033C750 /* PBXContainerItemProxy */ = {
			isa = PBXContainerItemProxy;
			containerPortal = 71BDD2A42D0C92900033C750 /* Project object */;
			proxyType = 1;
			remoteGlobalIDString = 71BDD2AB2D0C92900033C750;
			remoteInfo = BluetoothConnect_2;
		};
		71BDD2C92D0C92920033C750 /* PBXContainerItemProxy */ = {
			isa = PBXContainerItemProxy;
			containerPortal = 71BDD2A42D0C92900033C750 /* Project object */;
			proxyType = 1;
			remoteGlobalIDString = 71BDD2AB2D0C92900033C750;
			remoteInfo = BluetoothConnect_2;
		};
/* End PBXContainerItemProxy section */

/* Begin PBXFileReference section */
		71BDD2AC2D0C92900033C750 /* BluetoothConnect_2.app */ = {isa = PBXFileReference; explicitFileType = wrapper.application; includeInIndex = 0; path = BluetoothConnect_2.app; sourceTree = BUILT_PRODUCTS_DIR; };
		71BDD2BE2D0C92920033C750 /* BluetoothConnect_2Tests.xctest */ = {isa = PBXFileReference; explicitFileType = wrapper.cfbundle; includeInIndex = 0; path = BluetoothConnect_2Tests.xctest; sourceTree = BUILT_PRODUCTS_DIR; };
		71BDD2C82D0C92920033C750 /* BluetoothConnect_2UITests.xctest */ = {isa = PBXFileReference; explicitFileType = wrapper.cfbundle; includeInIndex = 0; path = BluetoothConnect_2UITests.xctest; sourceTree = BUILT_PRODUCTS_DIR; };
/* End PBXFileReference section */

/* Begin PBXFileSystemSynchronizedRootGroup section */
		71BDD2AE2D0C92900033C750 /* BluetoothConnect_2 */ = {
			isa = PBXFileSystemSynchronizedRootGroup;
			path = BluetoothConnect_2;
			sourceTree = "<group>";
		};
		71BDD2C12D0C92920033C750 /* BluetoothConnect_2Tests */ = {
			isa = PBXFileSystemSynchronizedRootGroup;
			path = BluetoothConnect_2Tests;
			sourceTree = "<group>";
		};
		71BDD2CB2D0C92920033C750 /* BluetoothConnect_2UITests */ = {
			isa = PBXFileSystemSynchronizedRootGroup;
			path = BluetoothConnect_2UITests;
			sourceTree = "<group>";
		};
/* End PBXFileSystemSynchronizedRootGroup section */

/* Begin PBXFrameworksBuildPhase section */
		71BDD2A92D0C92900033C750 /* Frameworks */ = {
			isa = PBXFrameworksBuildPhase;
			buildActionMask = 2147483647;
			files = (
			);
			runOnlyForDeploymentPostprocessing = 0;
		};
		71BDD2BB2D0C92920033C750 /* Frameworks */ = {
			isa = PBXFrameworksBuildPhase;
			buildActionMask = 2147483647;
			files = (
			);
			runOnlyForDeploymentPostprocessing = 0;
		};
		71BDD2C52D0C92920033C750 /* Frameworks */ = {
			isa = PBXFrameworksBuildPhase;
			buildActionMask = 2147483647;
			files = (
			);
			runOnlyForDeploymentPostprocessing = 0;
		};
/* End PBXFrameworksBuildPhase section */

/* Begin PBXGroup section */
		71BDD2A32D0C92900033C750 = {
			isa = PBXGroup;
			children = (
				71BDD2AE2D0C92900033C750 /* BluetoothConnect_2 */,
				71BDD2C12D0C92920033C750 /* BluetoothConnect_2Tests */,
				71BDD2CB2D0C92920033C750 /* BluetoothConnect_2UITests */,
				71BDD2AD2D0C92900033C750 /* Products */,
			);
			sourceTree = "<group>";
		};
		71BDD2AD2D0C92900033C750 /* Products */ = {
			isa = PBXGroup;
			children = (
				71BDD2AC2D0C92900033C750 /* BluetoothConnect_2.app */,
				71BDD2BE2D0C92920033C750 /* BluetoothConnect_2Tests.xctest */,
				71BDD2C82D0C92920033C750 /* BluetoothConnect_2UITests.xctest */,
			);
			name = Products;
			sourceTree = "<group>";
		};
/* End PBXGroup section */

/* Begin PBXNativeTarget section */
		71BDD2AB2D0C92900033C750 /* BluetoothConnect_2 */ = {
			isa = PBXNativeTarget;
			buildConfigurationList = 71BDD2D22D0C92920033C750 /* Build configuration list for PBXNativeTarget "BluetoothConnect_2" */;
			buildPhases = (
				71BDD2A82D0C92900033C750 /* Sources */,
				71BDD2A92D0C92900033C750 /* Frameworks */,
				71BDD2AA2D0C92900033C750 /* Resources */,
			);
			buildRules = (
			);
			dependencies = (
			);
			fileSystemSynchronizedGroups = (
				71BDD2AE2D0C92900033C750 /* BluetoothConnect_2 */,
			);
			name = BluetoothConnect_2;
			packageProductDependencies = (
			);
			productName = BluetoothConnect_2;
			productReference = 71BDD2AC2D0C92900033C750 /* BluetoothConnect_2.app */;
			productType = "com.apple.product-type.application";
		};
		71BDD2BD2D0C92920033C750 /* BluetoothConnect_2Tests */ = {
			isa = PBXNativeTarget;
			buildConfigurationList = 71BDD2D52D0C92920033C750 /* Build configuration list for PBXNativeTarget "BluetoothConnect_2Tests" */;
			buildPhases = (
				71BDD2BA2D0C92920033C750 /* Sources */,
				71BDD2BB2D0C92920033C750 /* Frameworks */,
				71BDD2BC2D0C92920033C750 /* Resources */,
			);
			buildRules = (
			);
			dependencies = (
				71BDD2C02D0C92920033C750 /* PBXTargetDependency */,
			);
			fileSystemSynchronizedGroups = (
				71BDD2C12D0C92920033C750 /* BluetoothConnect_2Tests */,
			);
			name = BluetoothConnect_2Tests;
			packageProductDependencies = (
			);
			productName = BluetoothConnect_2Tests;
			productReference = 71BDD2BE2D0C92920033C750 /* BluetoothConnect_2Tests.xctest */;
			productType = "com.apple.product-type.bundle.unit-test";
		};
		71BDD2C72D0C92920033C750 /* BluetoothConnect_2UITests */ = {
			isa = PBXNativeTarget;
			buildConfigurationList = 71BDD2D82D0C92920033C750 /* Build configuration list for PBXNativeTarget "BluetoothConnect_2UITests" */;
			buildPhases = (
				71BDD2C42D0C92920033C750 /* Sources */,
				71BDD2C52D0C92920033C750 /* Frameworks */,
				71BDD2C62D0C92920033C750 /* Resources */,
			);
			buildRules = (
			);
			dependencies = (
				71BDD2CA2D0C92920033C750 /* PBXTargetDependency */,
			);
			fileSystemSynchronizedGroups = (
				71BDD2CB2D0C92920033C750 /* BluetoothConnect_2UITests */,
			);
			name = BluetoothConnect_2UITests;
			packageProductDependencies = (
			);
			productName = BluetoothConnect_2UITests;
			productReference = 71BDD2C82D0C92920033C750 /* BluetoothConnect_2UITests.xctest */;
			productType = "com.apple.product-type.bundle.ui-testing";
		};
/* End PBXNativeTarget section */

/* Begin PBXProject section */
		71BDD2A42D0C92900033C750 /* Project object */ = {
			isa = PBXProject;
			attributes = {
				BuildIndependentTargetsInParallel = 1;
				LastSwiftUpdateCheck = 1610;
				LastUpgradeCheck = 1610;
				TargetAttributes = {
					71BDD2AB2D0C92900033C750 = {
						CreatedOnToolsVersion = 16.1;
					};
					71BDD2BD2D0C92920033C750 = {
						CreatedOnToolsVersion = 16.1;
						TestTargetID = 71BDD2AB2D0C92900033C750;
					};
					71BDD2C72D0C92920033C750 = {
						CreatedOnToolsVersion = 16.1;
						TestTargetID = 71BDD2AB2D0C92900033C750;
					};
				};
			};
			buildConfigurationList = 71BDD2A72D0C92900033C750 /* Build configuration list for PBXProject "BluetoothConnect_2" */;
			developmentRegion = en;
			hasScannedForEncodings = 0;
			knownRegions = (
				en,
				Base,
			);
			mainGroup = 71BDD2A32D0C92900033C750;
			minimizedProjectReferenceProxies = 1;
			preferredProjectObjectVersion = 77;
			productRefGroup = 71BDD2AD2D0C92900033C750 /* Products */;
			projectDirPath = "";
			projectRoot = "";
			targets = (
				71BDD2AB2D0C92900033C750 /* BluetoothConnect_2 */,
				71BDD2BD2D0C92920033C750 /* BluetoothConnect_2Tests */,
				71BDD2C72D0C92920033C750 /* BluetoothConnect_2UITests */,
			);
		};
/* End PBXProject section */

/* Begin PBXResourcesBuildPhase section */
		71BDD2AA2D0C92900033C750 /* Resources */ = {
			isa = PBXResourcesBuildPhase;
			buildActionMask = 2147483647;
			files = (
			);
			runOnlyForDeploymentPostprocessing = 0;
		};
		71BDD2BC2D0C92920033C750 /* Resources */ = {
			isa = PBXResourcesBuildPhase;
			buildActionMask = 2147483647;
			files = (
			);
			runOnlyForDeploymentPostprocessing = 0;
		};
		71BDD2C62D0C92920033C750 /* Resources */ = {
			isa = PBXResourcesBuildPhase;
			buildActionMask = 2147483647;
			files = (
			);
			runOnlyForDeploymentPostprocessing = 0;
		};
/* End PBXResourcesBuildPhase section */

/* Begin PBXSourcesBuildPhase section */
		71BDD2A82D0C92900033C750 /* Sources */ = {
			isa = PBXSourcesBuildPhase;
			buildActionMask = 2147483647;
			files = (
			);
			runOnlyForDeploymentPostprocessing = 0;
		};
		71BDD2BA2D0C92920033C750 /* Sources */ = {
			isa = PBXSourcesBuildPhase;
			buildActionMask = 2147483647;
			files = (
			);
			runOnlyForDeploymentPostprocessing = 0;
		};
		71BDD2C42D0C92920033C750 /* Sources */ = {
			isa = PBXSourcesBuildPhase;
			buildActionMask = 2147483647;
			files = (
			);
			runOnlyForDeploymentPostprocessing = 0;
		};
/* End PBXSourcesBuildPhase section */

/* Begin PBXTargetDependency section */
		71BDD2C02D0C92920033C750 /* PBXTargetDependency */ = {
			isa = PBXTargetDependency;
			target = 71BDD2AB2D0C92900033C750 /* BluetoothConnect_2 */;
			targetProxy = 71BDD2BF2D0C92920033C750 /* PBXContainerItemProxy */;
		};
		71BDD2CA2D0C92920033C750 /* PBXTargetDependency */ = {
			isa = PBXTargetDependency;
			target = 71BDD2AB2D0C92900033C750 /* BluetoothConnect_2 */;
			targetProxy = 71BDD2C92D0C92920033C750 /* PBXContainerItemProxy */;
		};
/* End PBXTargetDependency section */

/* Begin XCBuildConfiguration section */
		71BDD2D02D0C92920033C750 /* Debug */ = {
			isa = XCBuildConfiguration;
			buildSettings = {
				ALWAYS_SEARCH_USER_PATHS = NO;
				ASSETCATALOG_COMPILER_GENERATE_SWIFT_ASSET_SYMBOL_EXTENSIONS = YES;
				CLANG_ANALYZER_NONNULL = YES;
				CLANG_ANALYZER_NUMBER_OBJECT_CONVERSION = YES_AGGRESSIVE;
				CLANG_CXX_LANGUAGE_STANDARD = "gnu++20";
				CLANG_ENABLE_MODULES = YES;
				CLANG_ENABLE_OBJC_ARC = YES;
				CLANG_ENABLE_OBJC_WEAK = YES;
				CLANG_WARN_BLOCK_CAPTURE_AUTORELEASING = YES;
				CLANG_WARN_BOOL_CONVERSION = YES;
				CLANG_WARN_COMMA = YES;
				CLANG_WARN_CONSTANT_CONVERSION = YES;
				CLANG_WARN_DEPRECATED_OBJC_IMPLEMENTATIONS = YES;
				CLANG_WARN_DIRECT_OBJC_ISA_USAGE = YES_ERROR;
				CLANG_WARN_DOCUMENTATION_COMMENTS = YES;
				CLANG_WARN_EMPTY_BODY = YES;
				CLANG_WARN_ENUM_CONVERSION = YES;
				CLANG_WARN_INFINITE_RECURSION = YES;
				CLANG_WARN_INT_CONVERSION = YES;
				CLANG_WARN_NON_LITERAL_NULL_CONVERSION = YES;
				CLANG_WARN_OBJC_IMPLICIT_RETAIN_SELF = YES;
				CLANG_WARN_OBJC_LITERAL_CONVERSION = YES;
				CLANG_WARN_OBJC_ROOT_CLASS = YES_ERROR;
				CLANG_WARN_QUOTED_INCLUDE_IN_FRAMEWORK_HEADER = YES;
				CLANG_WARN_RANGE_LOOP_ANALYSIS = YES;
				CLANG_WARN_STRICT_PROTOTYPES = YES;
				CLANG_WARN_SUSPICIOUS_MOVE = YES;
				CLANG_WARN_UNGUARDED_AVAILABILITY = YES_AGGRESSIVE;
				CLANG_WARN_UNREACHABLE_CODE = YES;
				CLANG_WARN__DUPLICATE_METHOD_MATCH = YES;
				COPY_PHASE_STRIP = NO;
				DEBUG_INFORMATION_FORMAT = dwarf;
				ENABLE_STRICT_OBJC_MSGSEND = YES;
				ENABLE_TESTABILITY = YES;
				ENABLE_USER_SCRIPT_SANDBOXING = YES;
				GCC_C_LANGUAGE_STANDARD = gnu17;
				GCC_DYNAMIC_NO_PIC = NO;
				GCC_NO_COMMON_BLOCKS = YES;
				GCC_OPTIMIZATION_LEVEL = 0;
				GCC_PREPROCESSOR_DEFINITIONS = (
					"DEBUG=1",
					"$(inherited)",
				);
				GCC_WARN_64_TO_32_BIT_CONVERSION = YES;
				GCC_WARN_ABOUT_RETURN_TYPE = YES_ERROR;
				GCC_WARN_UNDECLARED_SELECTOR = YES;
				GCC_WARN_UNINITIALIZED_AUTOS = YES_AGGRESSIVE;
				GCC_WARN_UNUSED_FUNCTION = YES;
				GCC_WARN_UNUSED_VARIABLE = YES;
				IPHONEOS_DEPLOYMENT_TARGET = 18.1;
				LOCALIZATION_PREFERS_STRING_CATALOGS = YES;
				MTL_ENABLE_DEBUG_INFO = INCLUDE_SOURCE;
				MTL_FAST_MATH = YES;
				ONLY_ACTIVE_ARCH = YES;
				SDKROOT = iphoneos;
				SWIFT_ACTIVE_COMPILATION_CONDITIONS = "DEBUG $(inherited)";
				SWIFT_OPTIMIZATION_LEVEL = "-Onone";
			};
			name = Debug;
		};
		71BDD2D12D0C92920033C750 /* Release */ = {
			isa = XCBuildConfiguration;
			buildSettings = {
				ALWAYS_SEARCH_USER_PATHS = NO;
				ASSETCATALOG_COMPILER_GENERATE_SWIFT_ASSET_SYMBOL_EXTENSIONS = YES;
				CLANG_ANALYZER_NONNULL = YES;
				CLANG_ANALYZER_NUMBER_OBJECT_CONVERSION = YES_AGGRESSIVE;
				CLANG_CXX_LANGUAGE_STANDARD = "gnu++20";
				CLANG_ENABLE_MODULES = YES;
				CLANG_ENABLE_OBJC_ARC = YES;
				CLANG_ENABLE_OBJC_WEAK = YES;
				CLANG_WARN_BLOCK_CAPTURE_AUTORELEASING = YES;
				CLANG_WARN_BOOL_CONVERSION = YES;
				CLANG_WARN_COMMA = YES;
				CLANG_WARN_CONSTANT_CONVERSION = YES;
				CLANG_WARN_DEPRECATED_OBJC_IMPLEMENTATIONS = YES;
				CLANG_WARN_DIRECT_OBJC_ISA_USAGE = YES_ERROR;
				CLANG_WARN_DOCUMENTATION_COMMENTS = YES;
				CLANG_WARN_EMPTY_BODY = YES;
				CLANG_WARN_ENUM_CONVERSION = YES;
				CLANG_WARN_INFINITE_RECURSION = YES;
				CLANG_WARN_INT_CONVERSION = YES;
				CLANG_WARN_NON_LITERAL_NULL_CONVERSION = YES;
				CLANG_WARN_OBJC_IMPLICIT_RETAIN_SELF = YES;
				CLANG_WARN_OBJC_LITERAL_CONVERSION = YES;
				CLANG_WARN_OBJC_ROOT_CLASS = YES_ERROR;
				CLANG_WARN_QUOTED_INCLUDE_IN_FRAMEWORK_HEADER = YES;
				CLANG_WARN_RANGE_LOOP_ANALYSIS = YES;
				CLANG_WARN_STRICT_PROTOTYPES = YES;
				CLANG_WARN_SUSPICIOUS_MOVE = YES;
				CLANG_WARN_UNGUARDED_AVAILABILITY = YES_AGGRESSIVE;
				CLANG_WARN_UNREACHABLE_CODE = YES;
				CLANG_WARN__DUPLICATE_METHOD_MATCH = YES;
				COPY_PHASE_STRIP = NO;
				DEBUG_INFORMATION_FORMAT = "dwarf-with-dsym";
				ENABLE_NS_ASSERTIONS = NO;
				ENABLE_STRICT_OBJC_MSGSEND = YES;
				ENABLE_USER_SCRIPT_SANDBOXING = YES;
				GCC_C_LANGUAGE_STANDARD = gnu17;
				GCC_NO_COMMON_BLOCKS = YES;
				GCC_WARN_64_TO_32_BIT_CONVERSION = YES;
				GCC_WARN_ABOUT_RETURN_TYPE = YES_ERROR;
				GCC_WARN_UNDECLARED_SELECTOR = YES;
				GCC_WARN_UNINITIALIZED_AUTOS = YES_AGGRESSIVE;
				GCC_WARN_UNUSED_FUNCTION = YES;
				GCC_WARN_UNUSED_VARIABLE = YES;
				IPHONEOS_DEPLOYMENT_TARGET = 18.1;
				LOCALIZATION_PREFERS_STRING_CATALOGS = YES;
				MTL_ENABLE_DEBUG_INFO = NO;
				MTL_FAST_MATH = YES;
				SDKROOT = iphoneos;
				SWIFT_COMPILATION_MODE = wholemodule;
				VALIDATE_PRODUCT = YES;
			};
			name = Release;
		};
		71BDD2D32D0C92920033C750 /* Debug */ = {
			isa = XCBuildConfiguration;
			buildSettings = {
				ASSETCATALOG_COMPILER_APPICON_NAME = AppIcon;
				ASSETCATALOG_COMPILER_GLOBAL_ACCENT_COLOR_NAME = AccentColor;
				CODE_SIGN_STYLE = Automatic;
				CURRENT_PROJECT_VERSION = 1;
				DEVELOPMENT_ASSET_PATHS = "\"BluetoothConnect_2/Preview Content\"";
				DEVELOPMENT_TEAM = W23Y365YR7;
				ENABLE_PREVIEWS = YES;
				GENERATE_INFOPLIST_FILE = YES;
				INFOPLIST_KEY_NSBluetoothAlwaysUsageDescription = "Need to BLE connect to ESP32";
				INFOPLIST_KEY_UIApplicationSceneManifest_Generation = YES;
				INFOPLIST_KEY_UIApplicationSupportsIndirectInputEvents = YES;
				INFOPLIST_KEY_UILaunchScreen_Generation = YES;
				INFOPLIST_KEY_UISupportedInterfaceOrientations_iPad = "UIInterfaceOrientationPortrait UIInterfaceOrientationPortraitUpsideDown UIInterfaceOrientationLandscapeLeft UIInterfaceOrientationLandscapeRight";
				INFOPLIST_KEY_UISupportedInterfaceOrientations_iPhone = "UIInterfaceOrientationPortrait UIInterfaceOrientationLandscapeLeft UIInterfaceOrientationLandscapeRight";
				LD_RUNPATH_SEARCH_PATHS = (
					"$(inherited)",
					"@executable_path/Frameworks",
				);
				MARKETING_VERSION = 1.0;
				PRODUCT_BUNDLE_IDENTIFIER = "xinranli.BluetoothConnect2.BluetoothConnect-2";
				PRODUCT_NAME = "$(TARGET_NAME)";
				SWIFT_EMIT_LOC_STRINGS = YES;
				SWIFT_VERSION = 5.0;
				TARGETED_DEVICE_FAMILY = "1,2";
			};
			name = Debug;
		};
		71BDD2D42D0C92920033C750 /* Release */ = {
			isa = XCBuildConfiguration;
			buildSettings = {
				ASSETCATALOG_COMPILER_APPICON_NAME = AppIcon;
				ASSETCATALOG_COMPILER_GLOBAL_ACCENT_COLOR_NAME = AccentColor;
				CODE_SIGN_STYLE = Automatic;
				CURRENT_PROJECT_VERSION = 1;
				DEVELOPMENT_ASSET_PATHS = "\"BluetoothConnect_2/Preview Content\"";
				DEVELOPMENT_TEAM = W23Y365YR7;
				ENABLE_PREVIEWS = YES;
				GENERATE_INFOPLIST_FILE = YES;
				INFOPLIST_KEY_NSBluetoothAlwaysUsageDescription = "Need to BLE connect to ESP32";
				INFOPLIST_KEY_UIApplicationSceneManifest_Generation = YES;
				INFOPLIST_KEY_UIApplicationSupportsIndirectInputEvents = YES;
				INFOPLIST_KEY_UILaunchScreen_Generation = YES;
				INFOPLIST_KEY_UISupportedInterfaceOrientations_iPad = "UIInterfaceOrientationPortrait UIInterfaceOrientationPortraitUpsideDown UIInterfaceOrientationLandscapeLeft UIInterfaceOrientationLandscapeRight";
				INFOPLIST_KEY_UISupportedInterfaceOrientations_iPhone = "UIInterfaceOrientationPortrait UIInterfaceOrientationLandscapeLeft UIInterfaceOrientationLandscapeRight";
				LD_RUNPATH_SEARCH_PATHS = (
					"$(inherited)",
					"@executable_path/Frameworks",
				);
				MARKETING_VERSION = 1.0;
				PRODUCT_BUNDLE_IDENTIFIER = "xinranli.BluetoothConnect2.BluetoothConnect-2";
				PRODUCT_NAME = "$(TARGET_NAME)";
				SWIFT_EMIT_LOC_STRINGS = YES;
				SWIFT_VERSION = 5.0;
				TARGETED_DEVICE_FAMILY = "1,2";
			};
			name = Release;
		};
		71BDD2D62D0C92920033C750 /* Debug */ = {
			isa = XCBuildConfiguration;
			buildSettings = {
				BUNDLE_LOADER = "$(TEST_HOST)";
				CODE_SIGN_STYLE = Automatic;
				CURRENT_PROJECT_VERSION = 1;
				DEVELOPMENT_TEAM = W23Y365YR7;
				GENERATE_INFOPLIST_FILE = YES;
				IPHONEOS_DEPLOYMENT_TARGET = 18.1;
				MARKETING_VERSION = 1.0;
				PRODUCT_BUNDLE_IDENTIFIER = "xinranli.BluetoothConnect2.BluetoothConnect-2Tests";
				PRODUCT_NAME = "$(TARGET_NAME)";
				SWIFT_EMIT_LOC_STRINGS = NO;
				SWIFT_VERSION = 5.0;
				TARGETED_DEVICE_FAMILY = "1,2";
				TEST_HOST = "$(BUILT_PRODUCTS_DIR)/BluetoothConnect_2.app/$(BUNDLE_EXECUTABLE_FOLDER_PATH)/BluetoothConnect_2";
			};
			name = Debug;
		};
		71BDD2D72D0C92920033C750 /* Release */ = {
			isa = XCBuildConfiguration;
			buildSettings = {
				BUNDLE_LOADER = "$(TEST_HOST)";
				CODE_SIGN_STYLE = Automatic;
				CURRENT_PROJECT_VERSION = 1;
				DEVELOPMENT_TEAM = W23Y365YR7;
				GENERATE_INFOPLIST_FILE = YES;
				IPHONEOS_DEPLOYMENT_TARGET = 18.1;
				MARKETING_VERSION = 1.0;
				PRODUCT_BUNDLE_IDENTIFIER = "xinranli.BluetoothConnect2.BluetoothConnect-2Tests";
				PRODUCT_NAME = "$(TARGET_NAME)";
				SWIFT_EMIT_LOC_STRINGS = NO;
				SWIFT_VERSION = 5.0;
				TARGETED_DEVICE_FAMILY = "1,2";
				TEST_HOST = "$(BUILT_PRODUCTS_DIR)/BluetoothConnect_2.app/$(BUNDLE_EXECUTABLE_FOLDER_PATH)/BluetoothConnect_2";
			};
			name = Release;
		};
		71BDD2D92D0C92920033C750 /* Debug */ = {
			isa = XCBuildConfiguration;
			buildSettings = {
				CODE_SIGN_STYLE = Automatic;
				CURRENT_PROJECT_VERSION = 1;
				DEVELOPMENT_TEAM = W23Y365YR7;
				GENERATE_INFOPLIST_FILE = YES;
				MARKETING_VERSION = 1.0;
				PRODUCT_BUNDLE_IDENTIFIER = "xinranli.BluetoothConnect2.BluetoothConnect-2UITests";
				PRODUCT_NAME = "$(TARGET_NAME)";
				SWIFT_EMIT_LOC_STRINGS = NO;
				SWIFT_VERSION = 5.0;
				TARGETED_DEVICE_FAMILY = "1,2";
				TEST_TARGET_NAME = BluetoothConnect_2;
			};
			name = Debug;
		};
		71BDD2DA2D0C92920033C750 /* Release */ = {
			isa = XCBuildConfiguration;
			buildSettings = {
				CODE_SIGN_STYLE = Automatic;
				CURRENT_PROJECT_VERSION = 1;
				DEVELOPMENT_TEAM = W23Y365YR7;
				GENERATE_INFOPLIST_FILE = YES;
				MARKETING_VERSION = 1.0;
				PRODUCT_BUNDLE_IDENTIFIER = "xinranli.BluetoothConnect2.BluetoothConnect-2UITests";
				PRODUCT_NAME = "$(TARGET_NAME)";
				SWIFT_EMIT_LOC_STRINGS = NO;
				SWIFT_VERSION = 5.0;
				TARGETED_DEVICE_FAMILY = "1,2";
				TEST_TARGET_NAME = BluetoothConnect_2;
			};
			name = Release;
		};
/* End XCBuildConfiguration section */

/* Begin XCConfigurationList section */
		71BDD2A72D0C92900033C750 /* Build configuration list for PBXProject "BluetoothConnect_2" */ = {
			isa = XCConfigurationList;
			buildConfigurations = (
				71BDD2D02D0C92920033C750 /* Debug */,
				71BDD2D12D0C92920033C750 /* Release */,
			);
			defaultConfigurationIsVisible = 0;
			defaultConfigurationName = Release;
		};
		71BDD2D22D0C92920033C750 /* Build configuration list for PBXNativeTarget "BluetoothConnect_2" */ = {
			isa = XCConfigurationList;
			buildConfigurations = (
				71BDD2D32D0C92920033C750 /* Debug */,
				71BDD2D42D0C92920033C750 /* Release */,
			);
			defaultConfigurationIsVisible = 0;
			defaultConfigurationName = Release;
		};
		71BDD2D52D0C92920033C750 /* Build configuration list for PBXNativeTarget "BluetoothConnect_2Tests" */ = {
			isa = XCConfigurationList;
			buildConfigurations = (
				71BDD2D62D0C92920033C750 /* Debug */,
				71BDD2D72D0C92920033C750 /* Release */,
			);
			defaultConfigurationIsVisible = 0;
			defaultConfigurationName = Release;
		};
		71BDD2D82D0C92920033C750 /* Build configuration list for PBXNativeTarget "BluetoothConnect_2UITests" */ = {
			isa = XCConfigurationList;
			buildConfigurations = (
				71BDD2D92D0C92920033C750 /* Debug */,
				71BDD2DA2D0C92920033C750 /* Release */,
			);
			defaultConfigurationIsVisible = 0;
			defaultConfigurationName = Release;
		};
/* End XCConfigurationList section */
	};
	rootObject = 71BDD2A42D0C92900033C750 /* Project object */;
}
